// !$*UTF8*$!
{
	archiveVersion = 1;
	classes = {
	};
	objectVersion = 46;
	objects = {

/* Begin PBXBuildFile section */
		CB2A98F11BD1C5230056BB28 /* ResourcePath.mm in Sources */ = {isa = PBXBuildFile; fileRef = CB2A98F01BD1C5230056BB28 /* ResourcePath.mm */; };
		CB2A98F41BD1C5230056BB28 /* main.cpp in Sources */ = {isa = PBXBuildFile; fileRef = CB2A98F31BD1C5230056BB28 /* main.cpp */; };
		CB2A98F91BD1C5230056BB28 /* nice_music.ogg in Resources */ = {isa = PBXBuildFile; fileRef = CB2A98F81BD1C5230056BB28 /* nice_music.ogg */; };
		CB2A98FB1BD1C5230056BB28 /* sansation.ttf in Resources */ = {isa = PBXBuildFile; fileRef = CB2A98FA1BD1C5230056BB28 /* sansation.ttf */; };
		CB2A99081BD1CDE50056BB28 /* map3.jpg in Resources */ = {isa = PBXBuildFile; fileRef = CB2A99071BD1CDE50056BB28 /* map3.jpg */; };
		CB2A990D1BD1D43A0056BB28 /* BomberBoy.png in Resources */ = {isa = PBXBuildFile; fileRef = CB2A990B1BD1D43A0056BB28 /* BomberBoy.png */; };
		CB2A990E1BD1D43A0056BB28 /* BombermanItem.png in Resources */ = {isa = PBXBuildFile; fileRef = CB2A990C1BD1D43A0056BB28 /* BombermanItem.png */; };
		CB2A99111BD315B60056BB28 /* Map.cpp in Sources */ = {isa = PBXBuildFile; fileRef = CB2A990F1BD315B60056BB28 /* Map.cpp */; };
		CB2A99141BD31B510056BB28 /* GameSprite.cpp in Sources */ = {isa = PBXBuildFile; fileRef = CB2A99121BD31B510056BB28 /* GameSprite.cpp */; };
		CB2A99171BD31B700056BB28 /* BomberBoy.cpp in Sources */ = {isa = PBXBuildFile; fileRef = CB2A99151BD31B700056BB28 /* BomberBoy.cpp */; };
		CB2A99191BD3BC6A0056BB28 /* BomberBoyWhiteSprite.bmp in Resources */ = {isa = PBXBuildFile; fileRef = CB2A99181BD3BC6A0056BB28 /* BomberBoyWhiteSprite.bmp */; };
		CB68F68B1BE0DFC9006B36B2 /* bomberman_bomb_sheet.png in Resources */ = {isa = PBXBuildFile; fileRef = CB68F68A1BE0DFC9006B36B2 /* bomberman_bomb_sheet.png */; };
		CB68F68E1BE0FBEF006B36B2 /* BomberBomb.cpp in Sources */ = {isa = PBXBuildFile; fileRef = CB68F68C1BE0FBEF006B36B2 /* BomberBomb.cpp */; };
		CB68F6901BEE3995006B36B2 /* bomb.wav in Resources */ = {isa = PBXBuildFile; fileRef = CB68F68F1BEE3995006B36B2 /* bomb.wav */; };
		CB68F6921BEE39BD006B36B2 /* bomberman_orchestra.wav in Resources */ = {isa = PBXBuildFile; fileRef = CB68F6911BEE39BD006B36B2 /* bomberman_orchestra.wav */; };
		CBE6817F1C07F13D00AB8F5E /* bomberman_ia.png in Resources */ = {isa = PBXBuildFile; fileRef = CBE6817D1C07F13D00AB8F5E /* bomberman_ia.png */; };
		CBE681801C07F13D00AB8F5E /* bombermanp1w.png in Resources */ = {isa = PBXBuildFile; fileRef = CBE6817E1C07F13D00AB8F5E /* bombermanp1w.png */; };
		CBF4EE0A1BF8A46B00A5CFCC /* Monster.cpp in Sources */ = {isa = PBXBuildFile; fileRef = CBF4EE081BF8A46A00A5CFCC /* Monster.cpp */; };
		CBFEEE7E1BE0B53800871A84 /* BomberItem.cpp in Sources */ = {isa = PBXBuildFile; fileRef = CBFEEE7C1BE0B53800871A84 /* BomberItem.cpp */; };
/* End PBXBuildFile section */

/* Begin PBXFileReference section */
		CB2A98EB1BD1C5230056BB28 /* Bomberman.app */ = {isa = PBXFileReference; explicitFileType = wrapper.application; includeInIndex = 0; path = Bomberman.app; sourceTree = BUILT_PRODUCTS_DIR; };
		CB2A98EF1BD1C5230056BB28 /* Bomberman-Info.plist */ = {isa = PBXFileReference; lastKnownFileType = text.plist.xml; path = "Bomberman-Info.plist"; sourceTree = "<group>"; };
		CB2A98F01BD1C5230056BB28 /* ResourcePath.mm */ = {isa = PBXFileReference; lastKnownFileType = sourcecode.cpp.objcpp; path = ResourcePath.mm; sourceTree = "<group>"; };
		CB2A98F21BD1C5230056BB28 /* ResourcePath.hpp */ = {isa = PBXFileReference; lastKnownFileType = sourcecode.cpp.h; path = ResourcePath.hpp; sourceTree = "<group>"; };
		CB2A98F31BD1C5230056BB28 /* main.cpp */ = {isa = PBXFileReference; lastKnownFileType = sourcecode.cpp.cpp; path = main.cpp; sourceTree = "<group>"; };
		CB2A98F81BD1C5230056BB28 /* nice_music.ogg */ = {isa = PBXFileReference; lastKnownFileType = file; path = nice_music.ogg; sourceTree = "<group>"; };
		CB2A98FA1BD1C5230056BB28 /* sansation.ttf */ = {isa = PBXFileReference; lastKnownFileType = file; path = sansation.ttf; sourceTree = "<group>"; };
		CB2A99071BD1CDE50056BB28 /* map3.jpg */ = {isa = PBXFileReference; lastKnownFileType = image.jpeg; path = map3.jpg; sourceTree = "<group>"; };
		CB2A990B1BD1D43A0056BB28 /* BomberBoy.png */ = {isa = PBXFileReference; lastKnownFileType = image.png; path = BomberBoy.png; sourceTree = "<group>"; };
		CB2A990C1BD1D43A0056BB28 /* BombermanItem.png */ = {isa = PBXFileReference; lastKnownFileType = image.png; path = BombermanItem.png; sourceTree = "<group>"; };
		CB2A990F1BD315B60056BB28 /* Map.cpp */ = {isa = PBXFileReference; fileEncoding = 4; lastKnownFileType = sourcecode.cpp.cpp; path = Map.cpp; sourceTree = "<group>"; };
		CB2A99101BD315B60056BB28 /* Map.h */ = {isa = PBXFileReference; fileEncoding = 4; lastKnownFileType = sourcecode.c.h; path = Map.h; sourceTree = "<group>"; };
		CB2A99121BD31B510056BB28 /* GameSprite.cpp */ = {isa = PBXFileReference; fileEncoding = 4; lastKnownFileType = sourcecode.cpp.cpp; path = GameSprite.cpp; sourceTree = "<group>"; };
		CB2A99131BD31B510056BB28 /* GameSprite.h */ = {isa = PBXFileReference; fileEncoding = 4; lastKnownFileType = sourcecode.c.h; path = GameSprite.h; sourceTree = "<group>"; };
		CB2A99151BD31B700056BB28 /* BomberBoy.cpp */ = {isa = PBXFileReference; fileEncoding = 4; lastKnownFileType = sourcecode.cpp.cpp; path = BomberBoy.cpp; sourceTree = "<group>"; };
		CB2A99161BD31B700056BB28 /* BomberBoy.h */ = {isa = PBXFileReference; fileEncoding = 4; lastKnownFileType = sourcecode.c.h; path = BomberBoy.h; sourceTree = "<group>"; };
		CB2A99181BD3BC6A0056BB28 /* BomberBoyWhiteSprite.bmp */ = {isa = PBXFileReference; lastKnownFileType = image.bmp; path = BomberBoyWhiteSprite.bmp; sourceTree = "<group>"; };
		CB68F6891BE0C637006B36B2 /* BomberItem.h */ = {isa = PBXFileReference; lastKnownFileType = sourcecode.c.h; path = BomberItem.h; sourceTree = "<group>"; };
		CB68F68A1BE0DFC9006B36B2 /* bomberman_bomb_sheet.png */ = {isa = PBXFileReference; lastKnownFileType = image.png; path = bomberman_bomb_sheet.png; sourceTree = "<group>"; };
		CB68F68C1BE0FBEF006B36B2 /* BomberBomb.cpp */ = {isa = PBXFileReference; fileEncoding = 4; lastKnownFileType = sourcecode.cpp.cpp; path = BomberBomb.cpp; sourceTree = "<group>"; };
		CB68F68D1BE0FBEF006B36B2 /* BomberBomb.h */ = {isa = PBXFileReference; fileEncoding = 4; lastKnownFileType = sourcecode.c.h; path = BomberBomb.h; sourceTree = "<group>"; };
		CB68F68F1BEE3995006B36B2 /* bomb.wav */ = {isa = PBXFileReference; lastKnownFileType = audio.wav; path = bomb.wav; sourceTree = "<group>"; };
		CB68F6911BEE39BD006B36B2 /* bomberman_orchestra.wav */ = {isa = PBXFileReference; lastKnownFileType = audio.wav; path = bomberman_orchestra.wav; sourceTree = "<group>"; };
		CBE6817D1C07F13D00AB8F5E /* bomberman_ia.png */ = {isa = PBXFileReference; lastKnownFileType = image.png; path = bomberman_ia.png; sourceTree = "<group>"; };
		CBE6817E1C07F13D00AB8F5E /* bombermanp1w.png */ = {isa = PBXFileReference; lastKnownFileType = image.png; path = bombermanp1w.png; sourceTree = "<group>"; };
		CBF4EE081BF8A46A00A5CFCC /* Monster.cpp */ = {isa = PBXFileReference; fileEncoding = 4; lastKnownFileType = sourcecode.cpp.cpp; path = Monster.cpp; sourceTree = "<group>"; };
		CBF4EE091BF8A46B00A5CFCC /* Monster.h */ = {isa = PBXFileReference; fileEncoding = 4; lastKnownFileType = sourcecode.c.h; path = Monster.h; sourceTree = "<group>"; };
		CBFEEE7C1BE0B53800871A84 /* BomberItem.cpp */ = {isa = PBXFileReference; fileEncoding = 4; lastKnownFileType = sourcecode.cpp.cpp; path = BomberItem.cpp; sourceTree = "<group>"; };
/* End PBXFileReference section */

/* Begin PBXFrameworksBuildPhase section */
		CB2A98E71BD1C5230056BB28 /* Frameworks */ = {
			isa = PBXFrameworksBuildPhase;
			buildActionMask = 2147483647;
			files = (
			);
			runOnlyForDeploymentPostprocessing = 0;
		};
/* End PBXFrameworksBuildPhase section */

/* Begin PBXGroup section */
		CB2A98E11BD1C5230056BB28 = {
			isa = PBXGroup;
			children = (
				CB2A98ED1BD1C5230056BB28 /* Bomberman */,
				CB2A98EC1BD1C5230056BB28 /* Products */,
			);
			sourceTree = "<group>";
		};
		CB2A98EC1BD1C5230056BB28 /* Products */ = {
			isa = PBXGroup;
			children = (
				CB2A98EB1BD1C5230056BB28 /* Bomberman.app */,
			);
			name = Products;
			sourceTree = "<group>";
		};
		CB2A98ED1BD1C5230056BB28 /* Bomberman */ = {
			isa = PBXGroup;
			children = (
				CB2A98F01BD1C5230056BB28 /* ResourcePath.mm */,
				CB2A98F21BD1C5230056BB28 /* ResourcePath.hpp */,
				CB2A99121BD31B510056BB28 /* GameSprite.cpp */,
				CB2A99131BD31B510056BB28 /* GameSprite.h */,
				CB2A990F1BD315B60056BB28 /* Map.cpp */,
				CB2A99151BD31B700056BB28 /* BomberBoy.cpp */,
				CB2A99161BD31B700056BB28 /* BomberBoy.h */,
				CB68F68C1BE0FBEF006B36B2 /* BomberBomb.cpp */,
				CB68F68D1BE0FBEF006B36B2 /* BomberBomb.h */,
				CBFEEE7C1BE0B53800871A84 /* BomberItem.cpp */,
				CB68F6891BE0C637006B36B2 /* BomberItem.h */,
				CBF4EE081BF8A46A00A5CFCC /* Monster.cpp */,
				CBF4EE091BF8A46B00A5CFCC /* Monster.h */,
				CB2A99101BD315B60056BB28 /* Map.h */,
				CB2A98F31BD1C5230056BB28 /* main.cpp */,
				CB2A98F51BD1C5230056BB28 /* Resources */,
				CB2A98EE1BD1C5230056BB28 /* Supporting Files */,
			);
			path = Bomberman;
			sourceTree = "<group>";
		};
		CB2A98EE1BD1C5230056BB28 /* Supporting Files */ = {
			isa = PBXGroup;
			children = (
				CB2A98EF1BD1C5230056BB28 /* Bomberman-Info.plist */,
			);
			name = "Supporting Files";
			sourceTree = "<group>";
		};
		CB2A98F51BD1C5230056BB28 /* Resources */ = {
			isa = PBXGroup;
			children = (
				CB2A98F81BD1C5230056BB28 /* nice_music.ogg */,
				CB2A98FA1BD1C5230056BB28 /* sansation.ttf */,
				CB68F6911BEE39BD006B36B2 /* bomberman_orchestra.wav */,
				CB2A99071BD1CDE50056BB28 /* map3.jpg */,
				CB68F68A1BE0DFC9006B36B2 /* bomberman_bomb_sheet.png */,
				CBE6817D1C07F13D00AB8F5E /* bomberman_ia.png */,
				CBE6817E1C07F13D00AB8F5E /* bombermanp1w.png */,
				CB68F68F1BEE3995006B36B2 /* bomb.wav */,
				CB2A990B1BD1D43A0056BB28 /* BomberBoy.png */,
				CB2A99181BD3BC6A0056BB28 /* BomberBoyWhiteSprite.bmp */,
				CB2A990C1BD1D43A0056BB28 /* BombermanItem.png */,
			);
			name = Resources;
			sourceTree = "<group>";
		};
/* End PBXGroup section */

/* Begin PBXNativeTarget section */
		CB2A98EA1BD1C5230056BB28 /* Bomberman */ = {
			isa = PBXNativeTarget;
			buildConfigurationList = CB2A99001BD1C5230056BB28 /* Build configuration list for PBXNativeTarget "Bomberman" */;
			buildPhases = (
				CB2A98E61BD1C5230056BB28 /* Sources */,
				CB2A98E71BD1C5230056BB28 /* Frameworks */,
				CB2A98E81BD1C5230056BB28 /* Resources */,
				CB2A98E91BD1C5230056BB28 /* ShellScript */,
			);
			buildRules = (
			);
			dependencies = (
			);
			name = Bomberman;
			productName = Bomberman;
			productReference = CB2A98EB1BD1C5230056BB28 /* Bomberman.app */;
			productType = "com.apple.product-type.application";
		};
/* End PBXNativeTarget section */

/* Begin PBXProject section */
		CB2A98E21BD1C5230056BB28 /* Project object */ = {
			isa = PBXProject;
			attributes = {
				LastUpgradeCheck = 0640;
				ORGANIZATIONNAME = "Leroy Yu Tse";
				TargetAttributes = {
					CB2A98EA1BD1C5230056BB28 = {
						CreatedOnToolsVersion = 6.4;
					};
				};
			};
			buildConfigurationList = CB2A98E51BD1C5230056BB28 /* Build configuration list for PBXProject "Bomberman" */;
			compatibilityVersion = "Xcode 3.2";
			developmentRegion = English;
			hasScannedForEncodings = 0;
			knownRegions = (
				en,
			);
			mainGroup = CB2A98E11BD1C5230056BB28;
			productRefGroup = CB2A98EC1BD1C5230056BB28 /* Products */;
			projectDirPath = "";
			projectRoot = "";
			targets = (
				CB2A98EA1BD1C5230056BB28 /* Bomberman */,
			);
		};
/* End PBXProject section */

/* Begin PBXResourcesBuildPhase section */
		CB2A98E81BD1C5230056BB28 /* Resources */ = {
			isa = PBXResourcesBuildPhase;
			buildActionMask = 2147483647;
			files = (
				CB2A98FB1BD1C5230056BB28 /* sansation.ttf in Resources */,
				CB2A99081BD1CDE50056BB28 /* map3.jpg in Resources */,
				CB68F68B1BE0DFC9006B36B2 /* bomberman_bomb_sheet.png in Resources */,
				CB68F6921BEE39BD006B36B2 /* bomberman_orchestra.wav in Resources */,
				CB2A98F91BD1C5230056BB28 /* nice_music.ogg in Resources */,
				CB68F6901BEE3995006B36B2 /* bomb.wav in Resources */,
				CB2A990D1BD1D43A0056BB28 /* BomberBoy.png in Resources */,
				CB2A990E1BD1D43A0056BB28 /* BombermanItem.png in Resources */,
				CB2A99191BD3BC6A0056BB28 /* BomberBoyWhiteSprite.bmp in Resources */,
				CBE6817F1C07F13D00AB8F5E /* bomberman_ia.png in Resources */,
				CBE681801C07F13D00AB8F5E /* bombermanp1w.png in Resources */,
			);
			runOnlyForDeploymentPostprocessing = 0;
		};
/* End PBXResourcesBuildPhase section */

/* Begin PBXShellScriptBuildPhase section */
		CB2A98E91BD1C5230056BB28 /* ShellScript */ = {
			isa = PBXShellScriptBuildPhase;
			buildActionMask = 2147483647;
			files = (
			);
			inputPaths = (
			);
			outputPaths = (
			);
			runOnlyForDeploymentPostprocessing = 0;
			shellPath = /bin/sh;
			shellScript = "# This shell script simply copies required SFML dylibs/frameworks into the application bundle frameworks folder.\n# If you're using static libraries (which is not recommended) you should remove this script from your project.\n\n# SETTINGS\nCMAKE_INSTALL_FRAMEWORK_PREFIX=\"/Library/Frameworks\"\nCMAKE_INSTALL_LIB_PREFIX=\"/usr/local/lib\"\nFRAMEWORKS_FULL_PATH=\"$BUILT_PRODUCTS_DIR/$FRAMEWORKS_FOLDER_PATH/\"\n\n# Are we building a project that uses frameworks or dylibs?\ncase \"$SFML_BINARY_TYPE\" in\n    DYLIBS)\n        frameworks=\"false\"\n        ;;\n    *)\n        frameworks=\"true\"\n        ;;\nesac\n\n# Echoes to stderr\nerror () # $* message to display\n{\n    echo $* 1>&2\n    exit 2\n}\n\nassert () # $1 is a boolean, $2...N is an error message\n{\n    if [ $# -lt 2 ]\n    then\n        error \"Internal error in assert: not enough args\"\n    fi\n\n    if [ $1 -ne 0 ]\n    then\n        shift\n        error \"$*\"\n    fi\n}\n\nforce_remove () # $@ is some paths\n{\n    test $# -ge 1\n    assert $? \"force_remove() requires at least one parameter\"\n    rm -fr $@\n    assert $? \"couldn't remove $@\"\n}\n\ncopy () # $1 is a source, $2 is a destination\n{\n    test $# -eq 2\n    assert $? \"copy() requires two parameters\"\n    ditto \"$1\" \"$2\"\n    assert $? \"couldn't copy $1 to $2\"\n}\n\nrequire () # $1 is a SFML module like 'system' or 'audio'\n{\n    dest=\"$BUILT_PRODUCTS_DIR/$FRAMEWORKS_FOLDER_PATH/\"\n\n    if [ -z \"$1\" ]\n    then\n        error \"require() requires one parameter!\"\n    else\n        # clean potentially old stuff\n        force_remove \"$dest/libsfml-$1\"*\n        force_remove \"$dest/sfml-$1.framework\"\n\n        # copy SFML libraries\n        if [ \"$frameworks\" = \"true\" ]\n        then\n            source=\"$CMAKE_INSTALL_FRAMEWORK_PREFIX/sfml-$1.framework\"\n            target=\"sfml-$1.framework\"\n        elif [ \"$SFML_LINK_DYLIBS_SUFFIX\" = \"-d\" ]\n        then\n            source=\"$CMAKE_INSTALL_LIB_PREFIX/libsfml-$1-d.dylib\"\n            target=\"`readlink $source`\"\n        else\n            source=\"$CMAKE_INSTALL_LIB_PREFIX/libsfml-$1.dylib\"\n            target=\"`readlink $source`\"\n        fi\n\n        copy \"$source\" \"$dest/$target\"\n\n        # copy extra dependencies\n        if [ \"$1\" = \"audio\" ]\n        then\n            # copy \"FLAC\" \"ogg\" \"vorbis\" \"vorbisenc\" \"vorbisfile\" \"OpenAL\" frameworks too\n            for f in \"FLAC\" \"ogg\" \"vorbis\" \"vorbisenc\" \"vorbisfile\" \"OpenAL\"\n            do\n                copy \"$CMAKE_INSTALL_FRAMEWORK_PREFIX/$f.framework\" \"$dest/$f.framework\"\n            done\n        elif [ \"$1\" = \"graphics\" ]\n        then\n            copy \"$CMAKE_INSTALL_FRAMEWORK_PREFIX/freetype.framework\" \"$dest/freetype.framework\"\n        fi\n    fi\n}\n\nif [ -n \"$SFML_SYSTEM\" ]\nthen\n    require \"system\"\nfi\n\nif [ -n \"$SFML_AUDIO\" ]\nthen\n    require \"audio\"\nfi\n\nif [ -n \"$SFML_NETWORK\" ]\nthen\n    require \"network\"\nfi\n\nif [ -n \"$SFML_WINDOW\" ]\nthen\n    require \"window\"\nfi\n\nif [ -n \"$SFML_GRAPHICS\" ]\nthen\n    require \"graphics\"\nfi\n\n                ";
		};
/* End PBXShellScriptBuildPhase section */

/* Begin PBXSourcesBuildPhase section */
		CB2A98E61BD1C5230056BB28 /* Sources */ = {
			isa = PBXSourcesBuildPhase;
			buildActionMask = 2147483647;
			files = (
				CB68F68E1BE0FBEF006B36B2 /* BomberBomb.cpp in Sources */,
				CB2A99171BD31B700056BB28 /* BomberBoy.cpp in Sources */,
				CB2A99141BD31B510056BB28 /* GameSprite.cpp in Sources */,
				CB2A99111BD315B60056BB28 /* Map.cpp in Sources */,
				CBF4EE0A1BF8A46B00A5CFCC /* Monster.cpp in Sources */,
				CBFEEE7E1BE0B53800871A84 /* BomberItem.cpp in Sources */,
				CB2A98F41BD1C5230056BB28 /* main.cpp in Sources */,
				CB2A98F11BD1C5230056BB28 /* ResourcePath.mm in Sources */,
			);
			runOnlyForDeploymentPostprocessing = 0;
		};
/* End PBXSourcesBuildPhase section */

/* Begin XCBuildConfiguration section */
		CB2A98FE1BD1C5230056BB28 /* Debug */ = {
			isa = XCBuildConfiguration;
			buildSettings = {
				ARCHS = (
					i386,
					x86_64,
				);
				CLANG_CXX_LANGUAGE_STANDARD = "c++0x";
				CLANG_CXX_LIBRARY = "libc++";
				FRAMEWORK_SEARCH_PATHS = (
					/Library/Frameworks/,
					"$(inherited)",
				);
				GCC_VERSION = com.apple.compilers.llvm.clang.1_0;
				HEADER_SEARCH_PATHS = (
					/usr/local/include/,
					"$(inherited)",
				);
				LIBRARY_SEARCH_PATHS = (
					/usr/local/lib/,
					"$(inherited)",
				);
				MACOSX_DEPLOYMENT_TARGET = 10.7;
				OTHER_LDFLAGS = (
					"$(inherited)",
					"$(SFML_SYSTEM)",
					"$(SFML_WINDOW)",
					"$(SFML_GRAPHICS)",
					"$(SFML_AUDIO)",
					"$(SFML_NETWORK)",
				);
				SFML_AUDIO = "$(SFML_LINK_PREFIX) sfml-audio$(SFML_LINK_SUFFIX)";
				SFML_BINARY_TYPE = FRAMEWORKS;
				SFML_GRAPHICS = "$(SFML_LINK_PREFIX) sfml-graphics$(SFML_LINK_SUFFIX)";
				SFML_LINK_DYLIBS_PREFIX = "-l";
				SFML_LINK_DYLIBS_SUFFIX = "";
				SFML_LINK_FRAMEWORKS_PREFIX = "-framework";
				SFML_LINK_FRAMEWORKS_SUFFIX = "";
				SFML_LINK_PREFIX = "$(SFML_LINK_$(SFML_BINARY_TYPE)_PREFIX)";
				SFML_LINK_SUFFIX = "$(SFML_LINK_$(SFML_BINARY_TYPE)_SUFFIX)";
				SFML_NETWORK = "$(SFML_LINK_PREFIX) sfml-network$(SFML_LINK_SUFFIX)";
				SFML_SYSTEM = "$(SFML_LINK_PREFIX) sfml-system$(SFML_LINK_SUFFIX)";
				SFML_WINDOW = "$(SFML_LINK_PREFIX) sfml-window$(SFML_LINK_SUFFIX)";
				SUPPORTED_PLATFORMS = macosx;
			};
			name = Debug;
		};
		CB2A98FF1BD1C5230056BB28 /* Release */ = {
			isa = XCBuildConfiguration;
			buildSettings = {
				ARCHS = (
					i386,
					x86_64,
				);
				CLANG_CXX_LANGUAGE_STANDARD = "c++0x";
				CLANG_CXX_LIBRARY = "libc++";
				FRAMEWORK_SEARCH_PATHS = (
					/Library/Frameworks/,
					"$(inherited)",
				);
				GCC_VERSION = com.apple.compilers.llvm.clang.1_0;
				HEADER_SEARCH_PATHS = (
					/usr/local/include/,
					"$(inherited)",
				);
				LIBRARY_SEARCH_PATHS = (
					/usr/local/lib/,
					"$(inherited)",
				);
				MACOSX_DEPLOYMENT_TARGET = 10.7;
				OTHER_LDFLAGS = (
					"$(inherited)",
					"$(SFML_SYSTEM)",
					"$(SFML_WINDOW)",
					"$(SFML_GRAPHICS)",
					"$(SFML_AUDIO)",
					"$(SFML_NETWORK)",
				);
				SFML_AUDIO = "$(SFML_LINK_PREFIX) sfml-audio$(SFML_LINK_SUFFIX)";
				SFML_BINARY_TYPE = FRAMEWORKS;
				SFML_GRAPHICS = "$(SFML_LINK_PREFIX) sfml-graphics$(SFML_LINK_SUFFIX)";
				SFML_LINK_DYLIBS_PREFIX = "-l";
				SFML_LINK_DYLIBS_SUFFIX = "";
				SFML_LINK_FRAMEWORKS_PREFIX = "-framework";
				SFML_LINK_FRAMEWORKS_SUFFIX = "";
				SFML_LINK_PREFIX = "$(SFML_LINK_$(SFML_BINARY_TYPE)_PREFIX)";
				SFML_LINK_SUFFIX = "$(SFML_LINK_$(SFML_BINARY_TYPE)_SUFFIX)";
				SFML_NETWORK = "$(SFML_LINK_PREFIX) sfml-network$(SFML_LINK_SUFFIX)";
				SFML_SYSTEM = "$(SFML_LINK_PREFIX) sfml-system$(SFML_LINK_SUFFIX)";
				SFML_WINDOW = "$(SFML_LINK_PREFIX) sfml-window$(SFML_LINK_SUFFIX)";
				SUPPORTED_PLATFORMS = macosx;
			};
			name = Release;
		};
		CB2A99011BD1C5230056BB28 /* Debug */ = {
			isa = XCBuildConfiguration;
			buildSettings = {
				INFOPLIST_FILE = "Bomberman/Bomberman-Info.plist";
				LD_RUNPATH_SEARCH_PATHS = "@loader_path/../Frameworks";
				PRODUCT_NAME = "$(TARGET_NAME)";
			};
			name = Debug;
		};
		CB2A99021BD1C5230056BB28 /* Release */ = {
			isa = XCBuildConfiguration;
			buildSettings = {
				INFOPLIST_FILE = "Bomberman/Bomberman-Info.plist";
				LD_RUNPATH_SEARCH_PATHS = "@loader_path/../Frameworks";
				PRODUCT_NAME = "$(TARGET_NAME)";
			};
			name = Release;
		};
/* End XCBuildConfiguration section */

/* Begin XCConfigurationList section */
		CB2A98E51BD1C5230056BB28 /* Build configuration list for PBXProject "Bomberman" */ = {
			isa = XCConfigurationList;
			buildConfigurations = (
				CB2A98FE1BD1C5230056BB28 /* Debug */,
				CB2A98FF1BD1C5230056BB28 /* Release */,
			);
			defaultConfigurationIsVisible = 0;
			defaultConfigurationName = Release;
		};
		CB2A99001BD1C5230056BB28 /* Build configuration list for PBXNativeTarget "Bomberman" */ = {
			isa = XCConfigurationList;
			buildConfigurations = (
				CB2A99011BD1C5230056BB28 /* Debug */,
				CB2A99021BD1C5230056BB28 /* Release */,
			);
			defaultConfigurationIsVisible = 0;
			defaultConfigurationName = Release;
		};
/* End XCConfigurationList section */
	};
	rootObject = CB2A98E21BD1C5230056BB28 /* Project object */;
}
